
Microsoft Visual Studio Solution File, Format Version 12.00
# Visual Studio Version 17
VisualStudioVersion = 17.3.32804.467
MinimumVisualStudioVersion = 10.0.40219.1
Project("{9A19103F-16F7-4668-BE54-9A1E7A4F7556}") = "Application", "LinqExamples\Application.csproj", "{F1D9C5F4-1546-40E7-B31C-B52549EE42BB}"
EndProject
Project("{9A19103F-16F7-4668-BE54-9A1E7A4F7556}") = "ClassLibrary", "ClassLibrary\ClassLibrary.csproj", "{6B38674D-F50E-446A-A95F-36668470C69A}"
EndProject
Global
	GlobalSection(SolutionConfigurationPlatforms) = preSolution
		Debug|Any CPU = Debug|Any CPU
		Release|Any CPU = Release|Any CPU
	EndGlobalSection
	GlobalSection(ProjectConfigurationPlatforms) = postSolution
		{F1D9C5F4-1546-40E7-B31C-B52549EE42BB}.Debug|Any CPU.ActiveCfg = Debug|Any CPU
		{F1D9C5F4-1546-40E7-B31C-B52549EE42BB}.Debug|Any CPU.Build.0 = Debug|Any CPU
		{F1D9C5F4-1546-40E7-B31C-B52549EE42BB}.Release|Any CPU.ActiveCfg = Release|Any CPU
		{F1D9C5F4-1546-40E7-B31C-B52549EE42BB}.Release|Any CPU.Build.0 = Release|Any CPU
		{6B38674D-F50E-446A-A95F-36668470C69A}.Debug|Any CPU.ActiveCfg = Debug|Any CPU
		{6B38674D-F50E-446A-A95F-36668470C69A}.Debug|Any CPU.Build.0 = Debug|Any CPU
		{6B38674D-F50E-446A-A95F-36668470C69A}.Release|Any CPU.ActiveCfg = Release|Any CPU
		{6B38674D-F50E-446A-A95F-36668470C69A}.Release|Any CPU.Build.0 = Release|Any CPU
	EndGlobalSection
	GlobalSection(SolutionProperties) = preSolution
		HideSolutionNode = FALSE
	EndGlobalSection
	GlobalSection(ExtensibilityGlobals) = postSolution
		SolutionGuid = {F2AC94E5-0EAA-4DEB-9D8B-E84DF4611170}
	EndGlobalSection
EndGlobal
